
Microsoft Visual Studio Solution File, Format Version 12.00
# Visual Studio 2012
Project("{FAE04EC0-301F-11D3-BF4B-00C04F79EFBC}") = "Ecommerce.UI", "Ecommerce.UI\Ecommerce.UI.csproj", "{03128617-492C-40DB-9C3C-7B641D6B7BA1}"
EndProject
Project("{FAE04EC0-301F-11D3-BF4B-00C04F79EFBC}") = "Ecommerce.CORE", "Ecommerce.CORE\Ecommerce.CORE.csproj", "{19146C84-2F8B-49D4-9501-CA6206C1C5E6}"
EndProject
Global
	GlobalSection(SolutionConfigurationPlatforms) = preSolution
		Debug|Any CPU = Debug|Any CPU
		Release|Any CPU = Release|Any CPU
	EndGlobalSection
	GlobalSection(ProjectConfigurationPlatforms) = postSolution
		{03128617-492C-40DB-9C3C-7B641D6B7BA1}.Debug|Any CPU.ActiveCfg = Debug|Any CPU
		{03128617-492C-40DB-9C3C-7B641D6B7BA1}.Debug|Any CPU.Build.0 = Debug|Any CPU
		{03128617-492C-40DB-9C3C-7B641D6B7BA1}.Release|Any CPU.ActiveCfg = Release|Any CPU
		{03128617-492C-40DB-9C3C-7B641D6B7BA1}.Release|Any CPU.Build.0 = Release|Any CPU
		{19146C84-2F8B-49D4-9501-CA6206C1C5E6}.Debug|Any CPU.ActiveCfg = Debug|Any CPU
		{19146C84-2F8B-49D4-9501-CA6206C1C5E6}.Debug|Any CPU.Build.0 = Debug|Any CPU
		{19146C84-2F8B-49D4-9501-CA6206C1C5E6}.Release|Any CPU.ActiveCfg = Release|Any CPU
		{19146C84-2F8B-49D4-9501-CA6206C1C5E6}.Release|Any CPU.Build.0 = Release|Any CPU
	EndGlobalSection
	GlobalSection(SolutionProperties) = preSolution
		HideSolutionNode = FALSE
	EndGlobalSection
EndGlobal
